
Microsoft Visual Studio Solution File, Format Version 12.00
# Visual Studio Version 16
VisualStudioVersion = 16.0.30330.147
MinimumVisualStudioVersion = 10.0.40219.1
Project("{FAE04EC0-301F-11D3-BF4B-00C04F79EFBC}") = "SprayPaintImage", "SprayPaintImage.csproj", "{BFE884E7-09F9-4011-824E-AD8F853FBFE0}"
EndProject
Global
	GlobalSection(SolutionConfigurationPlatforms) = preSolution
		Debug|Any CPU = Debug|Any CPU
		Release|Any CPU = Release|Any CPU
	EndGlobalSection
	GlobalSection(ProjectConfigurationPlatforms) = postSolution
		{BFE884E7-09F9-4011-824E-AD8F853FBFE0}.Debug|Any CPU.ActiveCfg = Debug|Any CPU
		{BFE884E7-09F9-4011-824E-AD8F853FBFE0}.Debug|Any CPU.Build.0 = Debug|Any CPU
		{BFE884E7-09F9-4011-824E-AD8F853FBFE0}.Release|Any CPU.ActiveCfg = Release|Any CPU
		{BFE884E7-09F9-4011-824E-AD8F853FBFE0}.Release|Any CPU.Build.0 = Release|Any CPU
	EndGlobalSection
	GlobalSection(SolutionProperties) = preSolution
		HideSolutionNode = FALSE
	EndGlobalSection
	GlobalSection(ExtensibilityGlobals) = postSolution
		SolutionGuid = {EB8A9313-AE18-4E76-8B39-C024FBDD2013}
	EndGlobalSection
EndGlobal
